// !$*UTF8*$!
{
	archiveVersion = 1;
	classes = {
	};
	objectVersion = 46;
	objects = {

/* Begin PBXBuildFile section */
		2282E3F91CB4018D00CCEDC9 /* main.m in Sources */ = {isa = PBXBuildFile; fileRef = 2282E3F81CB4018D00CCEDC9 /* main.m */; };
		2282E3FC1CB4018D00CCEDC9 /* AppDelegate.m in Sources */ = {isa = PBXBuildFile; fileRef = 2282E3FB1CB4018D00CCEDC9 /* AppDelegate.m */; };
		2282E3FF1CB4018D00CCEDC9 /* ViewController.m in Sources */ = {isa = PBXBuildFile; fileRef = 2282E3FE1CB4018D00CCEDC9 /* ViewController.m */; };
		2282E4021CB4018D00CCEDC9 /* Main.storyboard in Resources */ = {isa = PBXBuildFile; fileRef = 2282E4001CB4018D00CCEDC9 /* Main.storyboard */; };
		2282E4041CB4018E00CCEDC9 /* Assets.xcassets in Resources */ = {isa = PBXBuildFile; fileRef = 2282E4031CB4018E00CCEDC9 /* Assets.xcassets */; };
		2282E4071CB4018E00CCEDC9 /* LaunchScreen.storyboard in Resources */ = {isa = PBXBuildFile; fileRef = 2282E4051CB4018E00CCEDC9 /* LaunchScreen.storyboard */; };
		2282E4121CB4018E00CCEDC9 /* pipframesTests.m in Sources */ = {isa = PBXBuildFile; fileRef = 2282E4111CB4018E00CCEDC9 /* pipframesTests.m */; };
		2282E41D1CB4018E00CCEDC9 /* pipframesUITests.m in Sources */ = {isa = PBXBuildFile; fileRef = 2282E41C1CB4018E00CCEDC9 /* pipframesUITests.m */; };
/* End PBXBuildFile section */

/* Begin PBXContainerItemProxy section */
		2282E40E1CB4018E00CCEDC9 /* PBXContainerItemProxy */ = {
			isa = PBXContainerItemProxy;
			containerPortal = 2282E3EC1CB4018D00CCEDC9 /* Project object */;
			proxyType = 1;
			remoteGlobalIDString = 2282E3F31CB4018D00CCEDC9;
			remoteInfo = pipframes;
		};
		2282E4191CB4018E00CCEDC9 /* PBXContainerItemProxy */ = {
			isa = PBXContainerItemProxy;
			containerPortal = 2282E3EC1CB4018D00CCEDC9 /* Project object */;
			proxyType = 1;
			remoteGlobalIDString = 2282E3F31CB4018D00CCEDC9;
			remoteInfo = pipframes;
		};
/* End PBXContainerItemProxy section */

/* Begin PBXFileReference section */
		2282E3F41CB4018D00CCEDC9 /* pipframes.app */ = {isa = PBXFileReference; explicitFileType = wrapper.application; includeInIndex = 0; path = pipframes.app; sourceTree = BUILT_PRODUCTS_DIR; };
		2282E3F81CB4018D00CCEDC9 /* main.m */ = {isa = PBXFileReference; lastKnownFileType = sourcecode.c.objc; path = main.m; sourceTree = "<group>"; };
		2282E3FA1CB4018D00CCEDC9 /* AppDelegate.h */ = {isa = PBXFileReference; lastKnownFileType = sourcecode.c.h; path = AppDelegate.h; sourceTree = "<group>"; };
		2282E3FB1CB4018D00CCEDC9 /* AppDelegate.m */ = {isa = PBXFileReference; lastKnownFileType = sourcecode.c.objc; path = AppDelegate.m; sourceTree = "<group>"; };
		2282E3FD1CB4018D00CCEDC9 /* ViewController.h */ = {isa = PBXFileReference; lastKnownFileType = sourcecode.c.h; path = ViewController.h; sourceTree = "<group>"; };
		2282E3FE1CB4018D00CCEDC9 /* ViewController.m */ = {isa = PBXFileReference; lastKnownFileType = sourcecode.c.objc; path = ViewController.m; sourceTree = "<group>"; };
		2282E4011CB4018D00CCEDC9 /* Base */ = {isa = PBXFileReference; lastKnownFileType = file.storyboard; name = Base; path = Base.lproj/Main.storyboard; sourceTree = "<group>"; };
		2282E4031CB4018E00CCEDC9 /* Assets.xcassets */ = {isa = PBXFileReference; lastKnownFileType = folder.assetcatalog; path = Assets.xcassets; sourceTree = "<group>"; };
		2282E4061CB4018E00CCEDC9 /* Base */ = {isa = PBXFileReference; lastKnownFileType = file.storyboard; name = Base; path = Base.lproj/LaunchScreen.storyboard; sourceTree = "<group>"; };
		2282E4081CB4018E00CCEDC9 /* Info.plist */ = {isa = PBXFileReference; lastKnownFileType = text.plist.xml; path = Info.plist; sourceTree = "<group>"; };
		2282E40D1CB4018E00CCEDC9 /* pipframesTests.xctest */ = {isa = PBXFileReference; explicitFileType = wrapper.cfbundle; includeInIndex = 0; path = pipframesTests.xctest; sourceTree = BUILT_PRODUCTS_DIR; };
		2282E4111CB4018E00CCEDC9 /* pipframesTests.m */ = {isa = PBXFileReference; lastKnownFileType = sourcecode.c.objc; path = pipframesTests.m; sourceTree = "<group>"; };
		2282E4131CB4018E00CCEDC9 /* Info.plist */ = {isa = PBXFileReference; lastKnownFileType = text.plist.xml; path = Info.plist; sourceTree = "<group>"; };
		2282E4181CB4018E00CCEDC9 /* pipframesUITests.xctest */ = {isa = PBXFileReference; explicitFileType = wrapper.cfbundle; includeInIndex = 0; path = pipframesUITests.xctest; sourceTree = BUILT_PRODUCTS_DIR; };
		2282E41C1CB4018E00CCEDC9 /* pipframesUITests.m */ = {isa = PBXFileReference; lastKnownFileType = sourcecode.c.objc; path = pipframesUITests.m; sourceTree = "<group>"; };
		2282E41E1CB4018E00CCEDC9 /* Info.plist */ = {isa = PBXFileReference; lastKnownFileType = text.plist.xml; path = Info.plist; sourceTree = "<group>"; };
/* End PBXFileReference section */

/* Begin PBXFrameworksBuildPhase section */
		2282E3F11CB4018D00CCEDC9 /* Frameworks */ = {
			isa = PBXFrameworksBuildPhase;
			buildActionMask = 2147483647;
			files = (
			);
			runOnlyForDeploymentPostprocessing = 0;
		};
		2282E40A1CB4018E00CCEDC9 /* Frameworks */ = {
			isa = PBXFrameworksBuildPhase;
			buildActionMask = 2147483647;
			files = (
			);
			runOnlyForDeploymentPostprocessing = 0;
		};
		2282E4151CB4018E00CCEDC9 /* Frameworks */ = {
			isa = PBXFrameworksBuildPhase;
			buildActionMask = 2147483647;
			files = (
			);
			runOnlyForDeploymentPostprocessing = 0;
		};
/* End PBXFrameworksBuildPhase section */

/* Begin PBXGroup section */
		2282E3EB1CB4018D00CCEDC9 = {
			isa = PBXGroup;
			children = (
				2282E3F61CB4018D00CCEDC9 /* pipframes */,
				2282E4101CB4018E00CCEDC9 /* pipframesTests */,
				2282E41B1CB4018E00CCEDC9 /* pipframesUITests */,
				2282E3F51CB4018D00CCEDC9 /* Products */,
			);
			sourceTree = "<group>";
		};
		2282E3F51CB4018D00CCEDC9 /* Products */ = {
			isa = PBXGroup;
			children = (
				2282E3F41CB4018D00CCEDC9 /* pipframes.app */,
				2282E40D1CB4018E00CCEDC9 /* pipframesTests.xctest */,
				2282E4181CB4018E00CCEDC9 /* pipframesUITests.xctest */,
			);
			name = Products;
			sourceTree = "<group>";
		};
		2282E3F61CB4018D00CCEDC9 /* pipframes */ = {
			isa = PBXGroup;
			children = (
				2282E3FA1CB4018D00CCEDC9 /* AppDelegate.h */,
				2282E3FB1CB4018D00CCEDC9 /* AppDelegate.m */,
				2282E3FD1CB4018D00CCEDC9 /* ViewController.h */,
				2282E3FE1CB4018D00CCEDC9 /* ViewController.m */,
				2282E4001CB4018D00CCEDC9 /* Main.storyboard */,
				2282E4031CB4018E00CCEDC9 /* Assets.xcassets */,
				2282E4051CB4018E00CCEDC9 /* LaunchScreen.storyboard */,
				2282E4081CB4018E00CCEDC9 /* Info.plist */,
				2282E3F71CB4018D00CCEDC9 /* Supporting Files */,
			);
			path = pipframes;
			sourceTree = "<group>";
		};
		2282E3F71CB4018D00CCEDC9 /* Supporting Files */ = {
			isa = PBXGroup;
			children = (
				2282E3F81CB4018D00CCEDC9 /* main.m */,
			);
			name = "Supporting Files";
			sourceTree = "<group>";
		};
		2282E4101CB4018E00CCEDC9 /* pipframesTests */ = {
			isa = PBXGroup;
			children = (
				2282E4111CB4018E00CCEDC9 /* pipframesTests.m */,
				2282E4131CB4018E00CCEDC9 /* Info.plist */,
			);
			path = pipframesTests;
			sourceTree = "<group>";
		};
		2282E41B1CB4018E00CCEDC9 /* pipframesUITests */ = {
			isa = PBXGroup;
			children = (
				2282E41C1CB4018E00CCEDC9 /* pipframesUITests.m */,
				2282E41E1CB4018E00CCEDC9 /* Info.plist */,
			);
			path = pipframesUITests;
			sourceTree = "<group>";
		};
/* End PBXGroup section */

/* Begin PBXNativeTarget section */
		2282E3F31CB4018D00CCEDC9 /* pipframes */ = {
			isa = PBXNativeTarget;
			buildConfigurationList = 2282E4211CB4018E00CCEDC9 /* Build configuration list for PBXNativeTarget "pipframes" */;
			buildPhases = (
				2282E3F01CB4018D00CCEDC9 /* Sources */,
				2282E3F11CB4018D00CCEDC9 /* Frameworks */,
				2282E3F21CB4018D00CCEDC9 /* Resources */,
			);
			buildRules = (
			);
			dependencies = (
			);
			name = pipframes;
			productName = pipframes;
			productReference = 2282E3F41CB4018D00CCEDC9 /* pipframes.app */;
			productType = "com.apple.product-type.application";
		};
		2282E40C1CB4018E00CCEDC9 /* pipframesTests */ = {
			isa = PBXNativeTarget;
			buildConfigurationList = 2282E4241CB4018E00CCEDC9 /* Build configuration list for PBXNativeTarget "pipframesTests" */;
			buildPhases = (
				2282E4091CB4018E00CCEDC9 /* Sources */,
				2282E40A1CB4018E00CCEDC9 /* Frameworks */,
				2282E40B1CB4018E00CCEDC9 /* Resources */,
			);
			buildRules = (
			);
			dependencies = (
				2282E40F1CB4018E00CCEDC9 /* PBXTargetDependency */,
			);
			name = pipframesTests;
			productName = pipframesTests;
			productReference = 2282E40D1CB4018E00CCEDC9 /* pipframesTests.xctest */;
			productType = "com.apple.product-type.bundle.unit-test";
		};
		2282E4171CB4018E00CCEDC9 /* pipframesUITests */ = {
			isa = PBXNativeTarget;
			buildConfigurationList = 2282E4271CB4018E00CCEDC9 /* Build configuration list for PBXNativeTarget "pipframesUITests" */;
			buildPhases = (
				2282E4141CB4018E00CCEDC9 /* Sources */,
				2282E4151CB4018E00CCEDC9 /* Frameworks */,
				2282E4161CB4018E00CCEDC9 /* Resources */,
			);
			buildRules = (
			);
			dependencies = (
				2282E41A1CB4018E00CCEDC9 /* PBXTargetDependency */,
			);
			name = pipframesUITests;
			productName = pipframesUITests;
			productReference = 2282E4181CB4018E00CCEDC9 /* pipframesUITests.xctest */;
			productType = "com.apple.product-type.bundle.ui-testing";
		};
/* End PBXNativeTarget section */

/* Begin PBXProject section */
		2282E3EC1CB4018D00CCEDC9 /* Project object */ = {
			isa = PBXProject;
			attributes = {
				LastUpgradeCheck = 0720;
				ORGANIZATIONNAME = "OUTTHINKING PVT LTD";
				TargetAttributes = {
					2282E3F31CB4018D00CCEDC9 = {
						CreatedOnToolsVersion = 7.2.1;
					};
					2282E40C1CB4018E00CCEDC9 = {
						CreatedOnToolsVersion = 7.2.1;
						TestTargetID = 2282E3F31CB4018D00CCEDC9;
					};
					2282E4171CB4018E00CCEDC9 = {
						CreatedOnToolsVersion = 7.2.1;
						TestTargetID = 2282E3F31CB4018D00CCEDC9;
					};
				};
			};
			buildConfigurationList = 2282E3EF1CB4018D00CCEDC9 /* Build configuration list for PBXProject "pipframes" */;
			compatibilityVersion = "Xcode 3.2";
			developmentRegion = English;
			hasScannedForEncodings = 0;
			knownRegions = (
				en,
				Base,
			);
			mainGroup = 2282E3EB1CB4018D00CCEDC9;
			productRefGroup = 2282E3F51CB4018D00CCEDC9 /* Products */;
			projectDirPath = "";
			projectRoot = "";
			targets = (
				2282E3F31CB4018D00CCEDC9 /* pipframes */,
				2282E40C1CB4018E00CCEDC9 /* pipframesTests */,
				2282E4171CB4018E00CCEDC9 /* pipframesUITests */,
			);
		};
/* End PBXProject section */

/* Begin PBXResourcesBuildPhase section */
		2282E3F21CB4018D00CCEDC9 /* Resources */ = {
			isa = PBXResourcesBuildPhase;
			buildActionMask = 2147483647;
			files = (
				2282E4071CB4018E00CCEDC9 /* LaunchScreen.storyboard in Resources */,
				2282E4041CB4018E00CCEDC9 /* Assets.xcassets in Resources */,
				2282E4021CB4018D00CCEDC9 /* Main.storyboard in Resources */,
			);
			runOnlyForDeploymentPostprocessing = 0;
		};
		2282E40B1CB4018E00CCEDC9 /* Resources */ = {
			isa = PBXResourcesBuildPhase;
			buildActionMask = 2147483647;
			files = (
			);
			runOnlyForDeploymentPostprocessing = 0;
		};
		2282E4161CB4018E00CCEDC9 /* Resources */ = {
			isa = PBXResourcesBuildPhase;
			buildActionMask = 2147483647;
			files = (
			);
			runOnlyForDeploymentPostprocessing = 0;
		};
/* End PBXResourcesBuildPhase section */

/* Begin PBXSourcesBuildPhase section */
		2282E3F01CB4018D00CCEDC9 /* Sources */ = {
			isa = PBXSourcesBuildPhase;
			buildActionMask = 2147483647;
			files = (
				2282E3FF1CB4018D00CCEDC9 /* ViewController.m in Sources */,
				2282E3FC1CB4018D00CCEDC9 /* AppDelegate.m in Sources */,
				2282E3F91CB4018D00CCEDC9 /* main.m in Sources */,
			);
			runOnlyForDeploymentPostprocessing = 0;
		};
		2282E4091CB4018E00CCEDC9 /* Sources */ = {
			isa = PBXSourcesBuildPhase;
			buildActionMask = 2147483647;
			files = (
				2282E4121CB4018E00CCEDC9 /* pipframesTests.m in Sources */,
			);
			runOnlyForDeploymentPostprocessing = 0;
		};
		2282E4141CB4018E00CCEDC9 /* Sources */ = {
			isa = PBXSourcesBuildPhase;
			buildActionMask = 2147483647;
			files = (
				2282E41D1CB4018E00CCEDC9 /* pipframesUITests.m in Sources */,
			);
			runOnlyForDeploymentPostprocessing = 0;
		};
/* End PBXSourcesBuildPhase section */

/* Begin PBXTargetDependency section */
		2282E40F1CB4018E00CCEDC9 /* PBXTargetDependency */ = {
			isa = PBXTargetDependency;
			target = 2282E3F31CB4018D00CCEDC9 /* pipframes */;
			targetProxy = 2282E40E1CB4018E00CCEDC9 /* PBXContainerItemProxy */;
		};
		2282E41A1CB4018E00CCEDC9 /* PBXTargetDependency */ = {
			isa = PBXTargetDependency;
			target = 2282E3F31CB4018D00CCEDC9 /* pipframes */;
			targetProxy = 2282E4191CB4018E00CCEDC9 /* PBXContainerItemProxy */;
		};
/* End PBXTargetDependency section */

/* Begin PBXVariantGroup section */
		2282E4001CB4018D00CCEDC9 /* Main.storyboard */ = {
			isa = PBXVariantGroup;
			children = (
				2282E4011CB4018D00CCEDC9 /* Base */,
			);
			name = Main.storyboard;
			sourceTree = "<group>";
		};
		2282E4051CB4018E00CCEDC9 /* LaunchScreen.storyboard */ = {
			isa = PBXVariantGroup;
			children = (
				2282E4061CB4018E00CCEDC9 /* Base */,
			);
			name = LaunchScreen.storyboard;
			sourceTree = "<group>";
		};
/* End PBXVariantGroup section */

/* Begin XCBuildConfiguration section */
		2282E41F1CB4018E00CCEDC9 /* Debug */ = {
			isa = XCBuildConfiguration;
			buildSettings = {
				ALWAYS_SEARCH_USER_PATHS = NO;
				CLANG_CXX_LANGUAGE_STANDARD = "gnu++0x";
				CLANG_CXX_LIBRARY = "libc++";
				CLANG_ENABLE_MODULES = YES;
				CLANG_ENABLE_OBJC_ARC = YES;
				CLANG_WARN_BOOL_CONVERSION = YES;
				CLANG_WARN_CONSTANT_CONVERSION = YES;
				CLANG_WARN_DIRECT_OBJC_ISA_USAGE = YES_ERROR;
				CLANG_WARN_EMPTY_BODY = YES;
				CLANG_WARN_ENUM_CONVERSION = YES;
				CLANG_WARN_INT_CONVERSION = YES;
				CLANG_WARN_OBJC_ROOT_CLASS = YES_ERROR;
				CLANG_WARN_UNREACHABLE_CODE = YES;
				CLANG_WARN__DUPLICATE_METHOD_MATCH = YES;
				"CODE_SIGN_IDENTITY[sdk=iphoneos*]" = "iPhone Developer";
				COPY_PHASE_STRIP = NO;
				DEBUG_INFORMATION_FORMAT = dwarf;
				ENABLE_STRICT_OBJC_MSGSEND = YES;
				ENABLE_TESTABILITY = YES;
				GCC_C_LANGUAGE_STANDARD = gnu99;
				GCC_DYNAMIC_NO_PIC = NO;
				GCC_NO_COMMON_BLOCKS = YES;
				GCC_OPTIMIZATION_LEVEL = 0;
				GCC_PREPROCESSOR_DEFINITIONS = (
					"DEBUG=1",
					"$(inherited)",
				);
				GCC_WARN_64_TO_32_BIT_CONVERSION = YES;
				GCC_WARN_ABOUT_RETURN_TYPE = YES_ERROR;
				GCC_WARN_UNDECLARED_SELECTOR = YES;
				GCC_WARN_UNINITIALIZED_AUTOS = YES_AGGRESSIVE;
				GCC_WARN_UNUSED_FUNCTION = YES;
				GCC_WARN_UNUSED_VARIABLE = YES;
				IPHONEOS_DEPLOYMENT_TARGET = 9.2;
				MTL_ENABLE_DEBUG_INFO = YES;
				ONLY_ACTIVE_ARCH = YES;
				SDKROOT = iphoneos;
				TARGETED_DEVICE_FAMILY = "1,2";
			};
			name = Debug;
		};
		2282E4201CB4018E00CCEDC9 /* Release */ = {
			isa = XCBuildConfiguration;
			buildSettings = {
				ALWAYS_SEARCH_USER_PATHS = NO;
				CLANG_CXX_LANGUAGE_STANDARD = "gnu++0x";
				CLANG_CXX_LIBRARY = "libc++";
				CLANG_ENABLE_MODULES = YES;
				CLANG_ENABLE_OBJC_ARC = YES;
				CLANG_WARN_BOOL_CONVERSION = YES;
				CLANG_WARN_CONSTANT_CONVERSION = YES;
				CLANG_WARN_DIRECT_OBJC_ISA_USAGE = YES_ERROR;
				CLANG_WARN_EMPTY_BODY = YES;
				CLANG_WARN_ENUM_CONVERSION = YES;
				CLANG_WARN_INT_CONVERSION = YES;
				CLANG_WARN_OBJC_ROOT_CLASS = YES_ERROR;
				CLANG_WARN_UNREACHABLE_CODE = YES;
				CLANG_WARN__DUPLICATE_METHOD_MATCH = YES;
				"CODE_SIGN_IDENTITY[sdk=iphoneos*]" = "iPhone Developer";
				COPY_PHASE_STRIP = NO;
				DEBUG_INFORMATION_FORMAT = "dwarf-with-dsym";
				ENABLE_NS_ASSERTIONS = NO;
				ENABLE_STRICT_OBJC_MSGSEND = YES;
				GCC_C_LANGUAGE_STANDARD = gnu99;
				GCC_NO_COMMON_BLOCKS = YES;
				GCC_WARN_64_TO_32_BIT_CONVERSION = YES;
				GCC_WARN_ABOUT_RETURN_TYPE = YES_ERROR;
				GCC_WARN_UNDECLARED_SELECTOR = YES;
				GCC_WARN_UNINITIALIZED_AUTOS = YES_AGGRESSIVE;
				GCC_WARN_UNUSED_FUNCTION = YES;
				GCC_WARN_UNUSED_VARIABLE = YES;
				IPHONEOS_DEPLOYMENT_TARGET = 9.2;
				MTL_ENABLE_DEBUG_INFO = NO;
				SDKROOT = iphoneos;
				TARGETED_DEVICE_FAMILY = "1,2";
				VALIDATE_PRODUCT = YES;
			};
			name = Release;
		};
		2282E4221CB4018E00CCEDC9 /* Debug */ = {
			isa = XCBuildConfiguration;
			buildSettings = {
				ASSETCATALOG_COMPILER_APPICON_NAME = AppIcon;
				INFOPLIST_FILE = pipframes/Info.plist;
				LD_RUNPATH_SEARCH_PATHS = "$(inherited) @executable_path/Frameworks";
				PRODUCT_BUNDLE_IDENTIFIER = com.outthinking.cbbnbv.pipframes;
				PRODUCT_NAME = "$(TARGET_NAME)";
			};
			name = Debug;
		};
		2282E4231CB4018E00CCEDC9 /* Release */ = {
			isa = XCBuildConfiguration;
			buildSettings = {
				ASSETCATALOG_COMPILER_APPICON_NAME = AppIcon;
				INFOPLIST_FILE = pipframes/Info.plist;
				LD_RUNPATH_SEARCH_PATHS = "$(inherited) @executable_path/Frameworks";
				PRODUCT_BUNDLE_IDENTIFIER = com.outthinking.cbbnbv.pipframes;
				PRODUCT_NAME = "$(TARGET_NAME)";
			};
			name = Release;
		};
		2282E4251CB4018E00CCEDC9 /* Debug */ = {
			isa = XCBuildConfiguration;
			buildSettings = {
				BUNDLE_LOADER = "$(TEST_HOST)";
				INFOPLIST_FILE = pipframesTests/Info.plist;
				LD_RUNPATH_SEARCH_PATHS = "$(inherited) @executable_path/Frameworks @loader_path/Frameworks";
				PRODUCT_BUNDLE_IDENTIFIER = com.outthinking.cbbnbv.pipframesTests;
				PRODUCT_NAME = "$(TARGET_NAME)";
				TEST_HOST = "$(BUILT_PRODUCTS_DIR)/pipframes.app/pipframes";
			};
			name = Debug;
		};
		2282E4261CB4018E00CCEDC9 /* Release */ = {
			isa = XCBuildConfiguration;
			buildSettings = {
				BUNDLE_LOADER = "$(TEST_HOST)";
				INFOPLIST_FILE = pipframesTests/Info.plist;
				LD_RUNPATH_SEARCH_PATHS = "$(inherited) @executable_path/Frameworks @loader_path/Frameworks";
				PRODUCT_BUNDLE_IDENTIFIER = com.outthinking.cbbnbv.pipframesTests;
				PRODUCT_NAME = "$(TARGET_NAME)";
				TEST_HOST = "$(BUILT_PRODUCTS_DIR)/pipframes.app/pipframes";
			};
			name = Release;
		};
		2282E4281CB4018E00CCEDC9 /* Debug */ = {
			isa = XCBuildConfiguration;
			buildSettings = {
				INFOPLIST_FILE = pipframesUITests/Info.plist;
				LD_RUNPATH_SEARCH_PATHS = "$(inherited) @executable_path/Frameworks @loader_path/Frameworks";
				PRODUCT_BUNDLE_IDENTIFIER = com.outthinking.cbbnbv.pipframesUITests;
				PRODUCT_NAME = "$(TARGET_NAME)";
				TEST_TARGET_NAME = pipframes;
				USES_XCTRUNNER = YES;
			};
			name = Debug;
		};
		2282E4291CB4018E00CCEDC9 /* Release */ = {
			isa = XCBuildConfiguration;
			buildSettings = {
				INFOPLIST_FILE = pipframesUITests/Info.plist;
				LD_RUNPATH_SEARCH_PATHS = "$(inherited) @executable_path/Frameworks @loader_path/Frameworks";
				PRODUCT_BUNDLE_IDENTIFIER = com.outthinking.cbbnbv.pipframesUITests;
				PRODUCT_NAME = "$(TARGET_NAME)";
				TEST_TARGET_NAME = pipframes;
				USES_XCTRUNNER = YES;
			};
			name = Release;
		};
/* End XCBuildConfiguration section */

/* Begin XCConfigurationList section */
		2282E3EF1CB4018D00CCEDC9 /* Build configuration list for PBXProject "pipframes" */ = {
			isa = XCConfigurationList;
			buildConfigurations = (
				2282E41F1CB4018E00CCEDC9 /* Debug */,
				2282E4201CB4018E00CCEDC9 /* Release */,
			);
			defaultConfigurationIsVisible = 0;
			defaultConfigurationName = Release;
		};
		2282E4211CB4018E00CCEDC9 /* Build configuration list for PBXNativeTarget "pipframes" */ = {
			isa = XCConfigurationList;
			buildConfigurations = (
				2282E4221CB4018E00CCEDC9 /* Debug */,
				2282E4231CB4018E00CCEDC9 /* Release */,
			);
			defaultConfigurationIsVisible = 0;
		};
		2282E4241CB4018E00CCEDC9 /* Build configuration list for PBXNativeTarget "pipframesTests" */ = {
			isa = XCConfigurationList;
			buildConfigurations = (
				2282E4251CB4018E00CCEDC9 /* Debug */,
				2282E4261CB4018E00CCEDC9 /* Release */,
			);
			defaultConfigurationIsVisible = 0;
		};
		2282E4271CB4018E00CCEDC9 /* Build configuration list for PBXNativeTarget "pipframesUITests" */ = {
			isa = XCConfigurationList;
			buildConfigurations = (
				2282E4281CB4018E00CCEDC9 /* Debug */,
				2282E4291CB4018E00CCEDC9 /* Release */,
			);
			defaultConfigurationIsVisible = 0;
		};
/* End XCConfigurationList section */
	};
	rootObject = 2282E3EC1CB4018D00CCEDC9 /* Project object */;
}
